// !$*UTF8*$!
{
	archiveVersion = 1;
	classes = {
	};
	objectVersion = 50;
	objects = {

/* Begin PBXBuildFile section */
		075E97B225A1BC090092E8D5 /* AppDelegate.swift in Sources */ = {isa = PBXBuildFile; fileRef = 075E97B125A1BC090092E8D5 /* AppDelegate.swift */; };
		075E97B425A1BC090092E8D5 /* SceneDelegate.swift in Sources */ = {isa = PBXBuildFile; fileRef = 075E97B325A1BC090092E8D5 /* SceneDelegate.swift */; };
		075E97B925A1BC090092E8D5 /* Main.storyboard in Resources */ = {isa = PBXBuildFile; fileRef = 075E97B725A1BC090092E8D5 /* Main.storyboard */; };
		075E97BB25A1BC090092E8D5 /* Assets.xcassets in Resources */ = {isa = PBXBuildFile; fileRef = 075E97BA25A1BC090092E8D5 /* Assets.xcassets */; };
		075E97BE25A1BC090092E8D5 /* LaunchScreen.storyboard in Resources */ = {isa = PBXBuildFile; fileRef = 075E97BC25A1BC090092E8D5 /* LaunchScreen.storyboard */; };
		075E97C925A1BC090092E8D5 /* NYTimesNewsTests.swift in Sources */ = {isa = PBXBuildFile; fileRef = 075E97C825A1BC090092E8D5 /* NYTimesNewsTests.swift */; };
		075E97D425A1BC090092E8D5 /* NYTimesNewsUITests.swift in Sources */ = {isa = PBXBuildFile; fileRef = 075E97D325A1BC090092E8D5 /* NYTimesNewsUITests.swift */; };
		075E97FD25A1C0A20092E8D5 /* NetworkLayer.swift in Sources */ = {isa = PBXBuildFile; fileRef = 075E97FC25A1C0A20092E8D5 /* NetworkLayer.swift */; };
		075E980525A1C0CB0092E8D5 /* APIRequest.swift in Sources */ = {isa = PBXBuildFile; fileRef = 075E980425A1C0CB0092E8D5 /* APIRequest.swift */; };
		075E980B25A1C1020092E8D5 /* Constants.swift in Sources */ = {isa = PBXBuildFile; fileRef = 075E980A25A1C1020092E8D5 /* Constants.swift */; };
		075E981B25A1CE230092E8D5 /* NewsFeedView.swift in Sources */ = {isa = PBXBuildFile; fileRef = 075E981A25A1CE230092E8D5 /* NewsFeedView.swift */; };
		075E982325A1CE9C0092E8D5 /* NewsFeedPresenter.swift in Sources */ = {isa = PBXBuildFile; fileRef = 075E982225A1CE9C0092E8D5 /* NewsFeedPresenter.swift */; };
		075E982C25A1CEF80092E8D5 /* NewsFeedModal.swift in Sources */ = {isa = PBXBuildFile; fileRef = 075E982B25A1CEF80092E8D5 /* NewsFeedModal.swift */; };
		075E983225A1CF140092E8D5 /* NewsFeedDataModal.swift in Sources */ = {isa = PBXBuildFile; fileRef = 075E983125A1CF140092E8D5 /* NewsFeedDataModal.swift */; };
		075E983A25A1CF2C0092E8D5 /* NewsFeedMediaModal.swift in Sources */ = {isa = PBXBuildFile; fileRef = 075E983925A1CF2C0092E8D5 /* NewsFeedMediaModal.swift */; };
		075E983F25A1CF370092E8D5 /* NewsFeedMediaInfoModal.swift in Sources */ = {isa = PBXBuildFile; fileRef = 075E983E25A1CF370092E8D5 /* NewsFeedMediaInfoModal.swift */; };
		075E984525A1CF530092E8D5 /* AlertsView.swift in Sources */ = {isa = PBXBuildFile; fileRef = 075E984425A1CF530092E8D5 /* AlertsView.swift */; };
		075E985025A1CF6B0092E8D5 /* LoadingView.swift in Sources */ = {isa = PBXBuildFile; fileRef = 075E984F25A1CF6A0092E8D5 /* LoadingView.swift */; };
		075E985625A1CF970092E8D5 /* NewsFeedCell.swift in Sources */ = {isa = PBXBuildFile; fileRef = 075E985525A1CF970092E8D5 /* NewsFeedCell.swift */; };
		075E985F25A1CFC40092E8D5 /* ImageView+LoadImage.swift in Sources */ = {isa = PBXBuildFile; fileRef = 075E985E25A1CFC40092E8D5 /* ImageView+LoadImage.swift */; };
		075E986425A1D0690092E8D5 /* NewsFeedView+PresenterDelegate.swift in Sources */ = {isa = PBXBuildFile; fileRef = 075E986325A1D0690092E8D5 /* NewsFeedView+PresenterDelegate.swift */; };
		075E986B25A1D1130092E8D5 /* NewsFeedInteractor.swift in Sources */ = {isa = PBXBuildFile; fileRef = 075E986A25A1D1130092E8D5 /* NewsFeedInteractor.swift */; };
		075E988625A1F76A0092E8D5 /* NewsFeedDetailsView.swift in Sources */ = {isa = PBXBuildFile; fileRef = 075E988525A1F76A0092E8D5 /* NewsFeedDetailsView.swift */; };
		075E989125A1F7B90092E8D5 /* NewsFeedDetailsPresenter.swift in Sources */ = {isa = PBXBuildFile; fileRef = 075E989025A1F7B90092E8D5 /* NewsFeedDetailsPresenter.swift */; };
		A1145FA4D890D6F88312D310 /* Pods_NYTimesNews_NYTimesNewsUITests.framework in Frameworks */ = {isa = PBXBuildFile; fileRef = 94C74AB5C7EDB0E89F6F6640 /* Pods_NYTimesNews_NYTimesNewsUITests.framework */; };
		A6DD66C0231178E57C5D95B3 /* Pods_NYTimesNewsTests.framework in Frameworks */ = {isa = PBXBuildFile; fileRef = FF300D8A452FF38AD68660AF /* Pods_NYTimesNewsTests.framework */; };
		C214C671407DC58AF3A6ABC1 /* Pods_NYTimesNews.framework in Frameworks */ = {isa = PBXBuildFile; fileRef = 89D66F8DF237DC62A91BCF12 /* Pods_NYTimesNews.framework */; };
/* End PBXBuildFile section */

/* Begin PBXContainerItemProxy section */
		075E97C525A1BC090092E8D5 /* PBXContainerItemProxy */ = {
			isa = PBXContainerItemProxy;
			containerPortal = 075E97A625A1BC090092E8D5 /* Project object */;
			proxyType = 1;
			remoteGlobalIDString = 075E97AD25A1BC090092E8D5;
			remoteInfo = NYTimesNews;
		};
		075E97D025A1BC090092E8D5 /* PBXContainerItemProxy */ = {
			isa = PBXContainerItemProxy;
			containerPortal = 075E97A625A1BC090092E8D5 /* Project object */;
			proxyType = 1;
			remoteGlobalIDString = 075E97AD25A1BC090092E8D5;
			remoteInfo = NYTimesNews;
		};
/* End PBXContainerItemProxy section */

/* Begin PBXFileReference section */
		075E97AE25A1BC090092E8D5 /* NYTimesNews.app */ = {isa = PBXFileReference; explicitFileType = wrapper.application; includeInIndex = 0; path = NYTimesNews.app; sourceTree = BUILT_PRODUCTS_DIR; };
		075E97B125A1BC090092E8D5 /* AppDelegate.swift */ = {isa = PBXFileReference; lastKnownFileType = sourcecode.swift; path = AppDelegate.swift; sourceTree = "<group>"; };
		075E97B325A1BC090092E8D5 /* SceneDelegate.swift */ = {isa = PBXFileReference; lastKnownFileType = sourcecode.swift; path = SceneDelegate.swift; sourceTree = "<group>"; };
		075E97B825A1BC090092E8D5 /* Base */ = {isa = PBXFileReference; lastKnownFileType = file.storyboard; name = Base; path = Base.lproj/Main.storyboard; sourceTree = "<group>"; };
		075E97BA25A1BC090092E8D5 /* Assets.xcassets */ = {isa = PBXFileReference; lastKnownFileType = folder.assetcatalog; path = Assets.xcassets; sourceTree = "<group>"; };
		075E97BD25A1BC090092E8D5 /* Base */ = {isa = PBXFileReference; lastKnownFileType = file.storyboard; name = Base; path = Base.lproj/LaunchScreen.storyboard; sourceTree = "<group>"; };
		075E97BF25A1BC090092E8D5 /* Info.plist */ = {isa = PBXFileReference; lastKnownFileType = text.plist.xml; path = Info.plist; sourceTree = "<group>"; };
		075E97C425A1BC090092E8D5 /* NYTimesNewsTests.xctest */ = {isa = PBXFileReference; explicitFileType = wrapper.cfbundle; includeInIndex = 0; path = NYTimesNewsTests.xctest; sourceTree = BUILT_PRODUCTS_DIR; };
		075E97C825A1BC090092E8D5 /* NYTimesNewsTests.swift */ = {isa = PBXFileReference; lastKnownFileType = sourcecode.swift; path = NYTimesNewsTests.swift; sourceTree = "<group>"; };
		075E97CA25A1BC090092E8D5 /* Info.plist */ = {isa = PBXFileReference; lastKnownFileType = text.plist.xml; path = Info.plist; sourceTree = "<group>"; };
		075E97CF25A1BC090092E8D5 /* NYTimesNewsUITests.xctest */ = {isa = PBXFileReference; explicitFileType = wrapper.cfbundle; includeInIndex = 0; path = NYTimesNewsUITests.xctest; sourceTree = BUILT_PRODUCTS_DIR; };
		075E97D325A1BC090092E8D5 /* NYTimesNewsUITests.swift */ = {isa = PBXFileReference; lastKnownFileType = sourcecode.swift; path = NYTimesNewsUITests.swift; sourceTree = "<group>"; };
		075E97D525A1BC090092E8D5 /* Info.plist */ = {isa = PBXFileReference; lastKnownFileType = text.plist.xml; path = Info.plist; sourceTree = "<group>"; };
		075E97FC25A1C0A20092E8D5 /* NetworkLayer.swift */ = {isa = PBXFileReference; lastKnownFileType = sourcecode.swift; path = NetworkLayer.swift; sourceTree = "<group>"; };
		075E980425A1C0CB0092E8D5 /* APIRequest.swift */ = {isa = PBXFileReference; lastKnownFileType = sourcecode.swift; path = APIRequest.swift; sourceTree = "<group>"; };
		075E980A25A1C1020092E8D5 /* Constants.swift */ = {isa = PBXFileReference; lastKnownFileType = sourcecode.swift; path = Constants.swift; sourceTree = "<group>"; };
		075E981A25A1CE230092E8D5 /* NewsFeedView.swift */ = {isa = PBXFileReference; lastKnownFileType = sourcecode.swift; path = NewsFeedView.swift; sourceTree = "<group>"; };
		075E982225A1CE9C0092E8D5 /* NewsFeedPresenter.swift */ = {isa = PBXFileReference; lastKnownFileType = sourcecode.swift; path = NewsFeedPresenter.swift; sourceTree = "<group>"; };
		075E982B25A1CEF80092E8D5 /* NewsFeedModal.swift */ = {isa = PBXFileReference; lastKnownFileType = sourcecode.swift; path = NewsFeedModal.swift; sourceTree = "<group>"; };
		075E983125A1CF140092E8D5 /* NewsFeedDataModal.swift */ = {isa = PBXFileReference; lastKnownFileType = sourcecode.swift; path = NewsFeedDataModal.swift; sourceTree = "<group>"; };
		075E983925A1CF2C0092E8D5 /* NewsFeedMediaModal.swift */ = {isa = PBXFileReference; lastKnownFileType = sourcecode.swift; path = NewsFeedMediaModal.swift; sourceTree = "<group>"; };
		075E983E25A1CF370092E8D5 /* NewsFeedMediaInfoModal.swift */ = {isa = PBXFileReference; lastKnownFileType = sourcecode.swift; path = NewsFeedMediaInfoModal.swift; sourceTree = "<group>"; };
		075E984425A1CF530092E8D5 /* AlertsView.swift */ = {isa = PBXFileReference; lastKnownFileType = sourcecode.swift; path = AlertsView.swift; sourceTree = "<group>"; };
		075E984F25A1CF6A0092E8D5 /* LoadingView.swift */ = {isa = PBXFileReference; lastKnownFileType = sourcecode.swift; path = LoadingView.swift; sourceTree = "<group>"; };
		075E985525A1CF970092E8D5 /* NewsFeedCell.swift */ = {isa = PBXFileReference; lastKnownFileType = sourcecode.swift; path = NewsFeedCell.swift; sourceTree = "<group>"; };
		075E985E25A1CFC40092E8D5 /* ImageView+LoadImage.swift */ = {isa = PBXFileReference; lastKnownFileType = sourcecode.swift; path = "ImageView+LoadImage.swift"; sourceTree = "<group>"; };
		075E986325A1D0690092E8D5 /* NewsFeedView+PresenterDelegate.swift */ = {isa = PBXFileReference; lastKnownFileType = sourcecode.swift; path = "NewsFeedView+PresenterDelegate.swift"; sourceTree = "<group>"; };
		075E986A25A1D1130092E8D5 /* NewsFeedInteractor.swift */ = {isa = PBXFileReference; lastKnownFileType = sourcecode.swift; path = NewsFeedInteractor.swift; sourceTree = "<group>"; };
		075E988525A1F76A0092E8D5 /* NewsFeedDetailsView.swift */ = {isa = PBXFileReference; lastKnownFileType = sourcecode.swift; path = NewsFeedDetailsView.swift; sourceTree = "<group>"; };
		075E989025A1F7B90092E8D5 /* NewsFeedDetailsPresenter.swift */ = {isa = PBXFileReference; lastKnownFileType = sourcecode.swift; path = NewsFeedDetailsPresenter.swift; sourceTree = "<group>"; };
		0F9AD3CEA984F7236E66AC5A /* Pods-NYTimesNews-NYTimesNewsUITests.debug.xcconfig */ = {isa = PBXFileReference; includeInIndex = 1; lastKnownFileType = text.xcconfig; name = "Pods-NYTimesNews-NYTimesNewsUITests.debug.xcconfig"; path = "Target Support Files/Pods-NYTimesNews-NYTimesNewsUITests/Pods-NYTimesNews-NYTimesNewsUITests.debug.xcconfig"; sourceTree = "<group>"; };
		41A8F30028FA3218522D1AAC /* Pods-NYTimesNews-NYTimesNewsUITests.release.xcconfig */ = {isa = PBXFileReference; includeInIndex = 1; lastKnownFileType = text.xcconfig; name = "Pods-NYTimesNews-NYTimesNewsUITests.release.xcconfig"; path = "Target Support Files/Pods-NYTimesNews-NYTimesNewsUITests/Pods-NYTimesNews-NYTimesNewsUITests.release.xcconfig"; sourceTree = "<group>"; };
		594F019EF91683C3A81DEA34 /* Pods-NYTimesNews.release.xcconfig */ = {isa = PBXFileReference; includeInIndex = 1; lastKnownFileType = text.xcconfig; name = "Pods-NYTimesNews.release.xcconfig"; path = "Target Support Files/Pods-NYTimesNews/Pods-NYTimesNews.release.xcconfig"; sourceTree = "<group>"; };
		89D66F8DF237DC62A91BCF12 /* Pods_NYTimesNews.framework */ = {isa = PBXFileReference; explicitFileType = wrapper.framework; includeInIndex = 0; path = Pods_NYTimesNews.framework; sourceTree = BUILT_PRODUCTS_DIR; };
		94C74AB5C7EDB0E89F6F6640 /* Pods_NYTimesNews_NYTimesNewsUITests.framework */ = {isa = PBXFileReference; explicitFileType = wrapper.framework; includeInIndex = 0; path = Pods_NYTimesNews_NYTimesNewsUITests.framework; sourceTree = BUILT_PRODUCTS_DIR; };
		95BD35B40B201C7948C9F3F1 /* Pods-NYTimesNews.debug.xcconfig */ = {isa = PBXFileReference; includeInIndex = 1; lastKnownFileType = text.xcconfig; name = "Pods-NYTimesNews.debug.xcconfig"; path = "Target Support Files/Pods-NYTimesNews/Pods-NYTimesNews.debug.xcconfig"; sourceTree = "<group>"; };
		9D3E88AAE71BB1DCDF57A616 /* Pods-NYTimesNewsTests.release.xcconfig */ = {isa = PBXFileReference; includeInIndex = 1; lastKnownFileType = text.xcconfig; name = "Pods-NYTimesNewsTests.release.xcconfig"; path = "Target Support Files/Pods-NYTimesNewsTests/Pods-NYTimesNewsTests.release.xcconfig"; sourceTree = "<group>"; };
		BE71AC98F53AEC6B9065E03F /* Pods-NYTimesNewsTests.debug.xcconfig */ = {isa = PBXFileReference; includeInIndex = 1; lastKnownFileType = text.xcconfig; name = "Pods-NYTimesNewsTests.debug.xcconfig"; path = "Target Support Files/Pods-NYTimesNewsTests/Pods-NYTimesNewsTests.debug.xcconfig"; sourceTree = "<group>"; };
		FF300D8A452FF38AD68660AF /* Pods_NYTimesNewsTests.framework */ = {isa = PBXFileReference; explicitFileType = wrapper.framework; includeInIndex = 0; path = Pods_NYTimesNewsTests.framework; sourceTree = BUILT_PRODUCTS_DIR; };
/* End PBXFileReference section */

/* Begin PBXFrameworksBuildPhase section */
		075E97AB25A1BC090092E8D5 /* Frameworks */ = {
			isa = PBXFrameworksBuildPhase;
			buildActionMask = 2147483647;
			files = (
				C214C671407DC58AF3A6ABC1 /* Pods_NYTimesNews.framework in Frameworks */,
			);
			runOnlyForDeploymentPostprocessing = 0;
		};
		075E97C125A1BC090092E8D5 /* Frameworks */ = {
			isa = PBXFrameworksBuildPhase;
			buildActionMask = 2147483647;
			files = (
				A6DD66C0231178E57C5D95B3 /* Pods_NYTimesNewsTests.framework in Frameworks */,
			);
			runOnlyForDeploymentPostprocessing = 0;
		};
		075E97CC25A1BC090092E8D5 /* Frameworks */ = {
			isa = PBXFrameworksBuildPhase;
			buildActionMask = 2147483647;
			files = (
				A1145FA4D890D6F88312D310 /* Pods_NYTimesNews_NYTimesNewsUITests.framework in Frameworks */,
			);
			runOnlyForDeploymentPostprocessing = 0;
		};
/* End PBXFrameworksBuildPhase section */

/* Begin PBXGroup section */
		075E97A525A1BC090092E8D5 = {
			isa = PBXGroup;
			children = (
				075E97B025A1BC090092E8D5 /* NYTimesNews */,
				075E97C725A1BC090092E8D5 /* NYTimesNewsTests */,
				075E97D225A1BC090092E8D5 /* NYTimesNewsUITests */,
				075E97AF25A1BC090092E8D5 /* Products */,
				4462E988C20CB3A1E90A61D6 /* Pods */,
				1259DEA7714ABEC97C1E93CA /* Frameworks */,
			);
			sourceTree = "<group>";
		};
		075E97AF25A1BC090092E8D5 /* Products */ = {
			isa = PBXGroup;
			children = (
				075E97AE25A1BC090092E8D5 /* NYTimesNews.app */,
				075E97C425A1BC090092E8D5 /* NYTimesNewsTests.xctest */,
				075E97CF25A1BC090092E8D5 /* NYTimesNewsUITests.xctest */,
			);
			name = Products;
			sourceTree = "<group>";
		};
		075E97B025A1BC090092E8D5 /* NYTimesNews */ = {
			isa = PBXGroup;
			children = (
				075E981F25A1CE740092E8D5 /* NewFeed */,
				075E988425A1F7100092E8D5 /* NewsDetails */,
				075E985D25A1CFB20092E8D5 /* Extensions */,
				075E984325A1CF440092E8D5 /* Protocols */,
				075E982A25A1CED40092E8D5 /* Modal */,
				075E981625A1CD3A0092E8D5 /* Resorces */,
				075E981525A1CD2D0092E8D5 /* Core */,
				075E980925A1C0F60092E8D5 /* Constants */,
				075E97FB25A1C07F0092E8D5 /* Network */,
				075E97BF25A1BC090092E8D5 /* Info.plist */,
			);
			path = NYTimesNews;
			sourceTree = "<group>";
		};
		075E97C725A1BC090092E8D5 /* NYTimesNewsTests */ = {
			isa = PBXGroup;
			children = (
				075E97C825A1BC090092E8D5 /* NYTimesNewsTests.swift */,
				075E97CA25A1BC090092E8D5 /* Info.plist */,
			);
			path = NYTimesNewsTests;
			sourceTree = "<group>";
		};
		075E97D225A1BC090092E8D5 /* NYTimesNewsUITests */ = {
			isa = PBXGroup;
			children = (
				075E97D325A1BC090092E8D5 /* NYTimesNewsUITests.swift */,
				075E97D525A1BC090092E8D5 /* Info.plist */,
			);
			path = NYTimesNewsUITests;
			sourceTree = "<group>";
		};
		075E97FB25A1C07F0092E8D5 /* Network */ = {
			isa = PBXGroup;
			children = (
				075E97FC25A1C0A20092E8D5 /* NetworkLayer.swift */,
				075E980425A1C0CB0092E8D5 /* APIRequest.swift */,
			);
			path = Network;
			sourceTree = "<group>";
		};
		075E980925A1C0F60092E8D5 /* Constants */ = {
			isa = PBXGroup;
			children = (
				075E980A25A1C1020092E8D5 /* Constants.swift */,
			);
			path = Constants;
			sourceTree = "<group>";
		};
		075E981525A1CD2D0092E8D5 /* Core */ = {
			isa = PBXGroup;
			children = (
				075E97B125A1BC090092E8D5 /* AppDelegate.swift */,
				075E97B325A1BC090092E8D5 /* SceneDelegate.swift */,
			);
			path = Core;
			sourceTree = "<group>";
		};
		075E981625A1CD3A0092E8D5 /* Resorces */ = {
			isa = PBXGroup;
			children = (
				075E97BA25A1BC090092E8D5 /* Assets.xcassets */,
				075E97B725A1BC090092E8D5 /* Main.storyboard */,
				075E97BC25A1BC090092E8D5 /* LaunchScreen.storyboard */,
			);
			path = Resorces;
			sourceTree = "<group>";
		};
		075E981F25A1CE740092E8D5 /* NewFeed */ = {
			isa = PBXGroup;
			children = (
				075E986925A1D0FC0092E8D5 /* Interactor */,
				075E982125A1CE890092E8D5 /* Presenter */,
				075E982025A1CE840092E8D5 /* View */,
			);
			path = NewFeed;
			sourceTree = "<group>";
		};
		075E982025A1CE840092E8D5 /* View */ = {
			isa = PBXGroup;
			children = (
				075E985425A1CF850092E8D5 /* NewsFeedCell */,
				075E981A25A1CE230092E8D5 /* NewsFeedView.swift */,
				075E986325A1D0690092E8D5 /* NewsFeedView+PresenterDelegate.swift */,
			);
			path = View;
			sourceTree = "<group>";
		};
		075E982125A1CE890092E8D5 /* Presenter */ = {
			isa = PBXGroup;
			children = (
				075E982225A1CE9C0092E8D5 /* NewsFeedPresenter.swift */,
			);
			path = Presenter;
			sourceTree = "<group>";
		};
		075E982A25A1CED40092E8D5 /* Modal */ = {
			isa = PBXGroup;
			children = (
				075E982B25A1CEF80092E8D5 /* NewsFeedModal.swift */,
				075E983125A1CF140092E8D5 /* NewsFeedDataModal.swift */,
				075E983925A1CF2C0092E8D5 /* NewsFeedMediaModal.swift */,
				075E983E25A1CF370092E8D5 /* NewsFeedMediaInfoModal.swift */,
			);
			path = Modal;
			sourceTree = "<group>";
		};
		075E984325A1CF440092E8D5 /* Protocols */ = {
			isa = PBXGroup;
			children = (
				075E984425A1CF530092E8D5 /* AlertsView.swift */,
				075E984F25A1CF6A0092E8D5 /* LoadingView.swift */,
			);
			path = Protocols;
			sourceTree = "<group>";
		};
		075E985425A1CF850092E8D5 /* NewsFeedCell */ = {
			isa = PBXGroup;
			children = (
				075E985525A1CF970092E8D5 /* NewsFeedCell.swift */,
			);
			path = NewsFeedCell;
			sourceTree = "<group>";
		};
		075E985D25A1CFB20092E8D5 /* Extensions */ = {
			isa = PBXGroup;
			children = (
				075E985E25A1CFC40092E8D5 /* ImageView+LoadImage.swift */,
			);
			path = Extensions;
			sourceTree = "<group>";
		};
		075E986925A1D0FC0092E8D5 /* Interactor */ = {
			isa = PBXGroup;
			children = (
				075E986A25A1D1130092E8D5 /* NewsFeedInteractor.swift */,
			);
			path = Interactor;
			sourceTree = "<group>";
		};
		075E988425A1F7100092E8D5 /* NewsDetails */ = {
			isa = PBXGroup;
			children = (
				075E988E25A1F7A60092E8D5 /* Presenter */,
				075E988D25A1F76F0092E8D5 /* View */,
			);
			path = NewsDetails;
			sourceTree = "<group>";
		};
		075E988D25A1F76F0092E8D5 /* View */ = {
			isa = PBXGroup;
			children = (
				075E988525A1F76A0092E8D5 /* NewsFeedDetailsView.swift */,
			);
			path = View;
			sourceTree = "<group>";
		};
		075E988E25A1F7A60092E8D5 /* Presenter */ = {
			isa = PBXGroup;
			children = (
				075E989025A1F7B90092E8D5 /* NewsFeedDetailsPresenter.swift */,
			);
			path = Presenter;
			sourceTree = "<group>";
		};
		1259DEA7714ABEC97C1E93CA /* Frameworks */ = {
			isa = PBXGroup;
			children = (
				89D66F8DF237DC62A91BCF12 /* Pods_NYTimesNews.framework */,
				94C74AB5C7EDB0E89F6F6640 /* Pods_NYTimesNews_NYTimesNewsUITests.framework */,
				FF300D8A452FF38AD68660AF /* Pods_NYTimesNewsTests.framework */,
			);
			name = Frameworks;
			sourceTree = "<group>";
		};
		4462E988C20CB3A1E90A61D6 /* Pods */ = {
			isa = PBXGroup;
			children = (
				95BD35B40B201C7948C9F3F1 /* Pods-NYTimesNews.debug.xcconfig */,
				594F019EF91683C3A81DEA34 /* Pods-NYTimesNews.release.xcconfig */,
				0F9AD3CEA984F7236E66AC5A /* Pods-NYTimesNews-NYTimesNewsUITests.debug.xcconfig */,
				41A8F30028FA3218522D1AAC /* Pods-NYTimesNews-NYTimesNewsUITests.release.xcconfig */,
				BE71AC98F53AEC6B9065E03F /* Pods-NYTimesNewsTests.debug.xcconfig */,
				9D3E88AAE71BB1DCDF57A616 /* Pods-NYTimesNewsTests.release.xcconfig */,
			);
			path = Pods;
			sourceTree = "<group>";
		};
/* End PBXGroup section */

/* Begin PBXNativeTarget section */
		075E97AD25A1BC090092E8D5 /* NYTimesNews */ = {
			isa = PBXNativeTarget;
			buildConfigurationList = 075E97D825A1BC090092E8D5 /* Build configuration list for PBXNativeTarget "NYTimesNews" */;
			buildPhases = (
				6264543DAADB212EFEF0FF48 /* [CP] Check Pods Manifest.lock */,
				075E97AA25A1BC090092E8D5 /* Sources */,
				075E97AB25A1BC090092E8D5 /* Frameworks */,
				075E97AC25A1BC090092E8D5 /* Resources */,
				075E98E325A221840092E8D5 /* ShellScript */,
			);
			buildRules = (
			);
			dependencies = (
			);
			name = NYTimesNews;
			productName = NYTimesNews;
			productReference = 075E97AE25A1BC090092E8D5 /* NYTimesNews.app */;
			productType = "com.apple.product-type.application";
		};
		075E97C325A1BC090092E8D5 /* NYTimesNewsTests */ = {
			isa = PBXNativeTarget;
			buildConfigurationList = 075E97DB25A1BC090092E8D5 /* Build configuration list for PBXNativeTarget "NYTimesNewsTests" */;
			buildPhases = (
				67C1A58F0604D63BBE488F3B /* [CP] Check Pods Manifest.lock */,
				075E97C025A1BC090092E8D5 /* Sources */,
				075E97C125A1BC090092E8D5 /* Frameworks */,
				075E97C225A1BC090092E8D5 /* Resources */,
			);
			buildRules = (
			);
			dependencies = (
				075E97C625A1BC090092E8D5 /* PBXTargetDependency */,
			);
			name = NYTimesNewsTests;
			productName = NYTimesNewsTests;
			productReference = 075E97C425A1BC090092E8D5 /* NYTimesNewsTests.xctest */;
			productType = "com.apple.product-type.bundle.unit-test";
		};
		075E97CE25A1BC090092E8D5 /* NYTimesNewsUITests */ = {
			isa = PBXNativeTarget;
			buildConfigurationList = 075E97DE25A1BC090092E8D5 /* Build configuration list for PBXNativeTarget "NYTimesNewsUITests" */;
			buildPhases = (
				1A09859376010CEBA271D2CB /* [CP] Check Pods Manifest.lock */,
				075E97CB25A1BC090092E8D5 /* Sources */,
				075E97CC25A1BC090092E8D5 /* Frameworks */,
				075E97CD25A1BC090092E8D5 /* Resources */,
			);
			buildRules = (
			);
			dependencies = (
				075E97D125A1BC090092E8D5 /* PBXTargetDependency */,
			);
			name = NYTimesNewsUITests;
			productName = NYTimesNewsUITests;
			productReference = 075E97CF25A1BC090092E8D5 /* NYTimesNewsUITests.xctest */;
			productType = "com.apple.product-type.bundle.ui-testing";
		};
/* End PBXNativeTarget section */

/* Begin PBXProject section */
		075E97A625A1BC090092E8D5 /* Project object */ = {
			isa = PBXProject;
			attributes = {
				LastSwiftUpdateCheck = 1230;
				LastUpgradeCheck = 1230;
				TargetAttributes = {
					075E97AD25A1BC090092E8D5 = {
						CreatedOnToolsVersion = 12.3;
					};
					075E97C325A1BC090092E8D5 = {
						CreatedOnToolsVersion = 12.3;
						TestTargetID = 075E97AD25A1BC090092E8D5;
					};
					075E97CE25A1BC090092E8D5 = {
						CreatedOnToolsVersion = 12.3;
						TestTargetID = 075E97AD25A1BC090092E8D5;
					};
				};
			};
			buildConfigurationList = 075E97A925A1BC090092E8D5 /* Build configuration list for PBXProject "NYTimesNews" */;
			compatibilityVersion = "Xcode 9.3";
			developmentRegion = en;
			hasScannedForEncodings = 0;
			knownRegions = (
				en,
				Base,
			);
			mainGroup = 075E97A525A1BC090092E8D5;
			productRefGroup = 075E97AF25A1BC090092E8D5 /* Products */;
			projectDirPath = "";
			projectRoot = "";
			targets = (
				075E97AD25A1BC090092E8D5 /* NYTimesNews */,
				075E97C325A1BC090092E8D5 /* NYTimesNewsTests */,
				075E97CE25A1BC090092E8D5 /* NYTimesNewsUITests */,
			);
		};
/* End PBXProject section */

/* Begin PBXResourcesBuildPhase section */
		075E97AC25A1BC090092E8D5 /* Resources */ = {
			isa = PBXResourcesBuildPhase;
			buildActionMask = 2147483647;
			files = (
				075E97BE25A1BC090092E8D5 /* LaunchScreen.storyboard in Resources */,
				075E97BB25A1BC090092E8D5 /* Assets.xcassets in Resources */,
				075E97B925A1BC090092E8D5 /* Main.storyboard in Resources */,
			);
			runOnlyForDeploymentPostprocessing = 0;
		};
		075E97C225A1BC090092E8D5 /* Resources */ = {
			isa = PBXResourcesBuildPhase;
			buildActionMask = 2147483647;
			files = (
			);
			runOnlyForDeploymentPostprocessing = 0;
		};
		075E97CD25A1BC090092E8D5 /* Resources */ = {
			isa = PBXResourcesBuildPhase;
			buildActionMask = 2147483647;
			files = (
			);
			runOnlyForDeploymentPostprocessing = 0;
		};
/* End PBXResourcesBuildPhase section */

/* Begin PBXShellScriptBuildPhase section */
		075E98E325A221840092E8D5 /* ShellScript */ = {
			isa = PBXShellScriptBuildPhase;
			buildActionMask = 2147483647;
			files = (
			);
			inputFileListPaths = (
			);
			inputPaths = (
			);
			outputFileListPaths = (
			);
			outputPaths = (
			);
			runOnlyForDeploymentPostprocessing = 0;
			shellPath = /bin/sh;
			shellScript = "# Type a script or drag a script file from your workspace to insert its path.\n${PODS_ROOT}/SwiftLint/swiftlint\n";
		};
		1A09859376010CEBA271D2CB /* [CP] Check Pods Manifest.lock */ = {
			isa = PBXShellScriptBuildPhase;
			buildActionMask = 2147483647;
			files = (
			);
			inputFileListPaths = (
			);
			inputPaths = (
				"${PODS_PODFILE_DIR_PATH}/Podfile.lock",
				"${PODS_ROOT}/Manifest.lock",
			);
			name = "[CP] Check Pods Manifest.lock";
			outputFileListPaths = (
			);
			outputPaths = (
				"$(DERIVED_FILE_DIR)/Pods-NYTimesNews-NYTimesNewsUITests-checkManifestLockResult.txt",
			);
			runOnlyForDeploymentPostprocessing = 0;
			shellPath = /bin/sh;
			shellScript = "diff \"${PODS_PODFILE_DIR_PATH}/Podfile.lock\" \"${PODS_ROOT}/Manifest.lock\" > /dev/null\nif [ $? != 0 ] ; then\n    # print error to STDERR\n    echo \"error: The sandbox is not in sync with the Podfile.lock. Run 'pod install' or update your CocoaPods installation.\" >&2\n    exit 1\nfi\n# This output is used by Xcode 'outputs' to avoid re-running this script phase.\necho \"SUCCESS\" > \"${SCRIPT_OUTPUT_FILE_0}\"\n";
			showEnvVarsInLog = 0;
		};
		6264543DAADB212EFEF0FF48 /* [CP] Check Pods Manifest.lock */ = {
			isa = PBXShellScriptBuildPhase;
			buildActionMask = 2147483647;
			files = (
			);
			inputFileListPaths = (
			);
			inputPaths = (
				"${PODS_PODFILE_DIR_PATH}/Podfile.lock",
				"${PODS_ROOT}/Manifest.lock",
			);
			name = "[CP] Check Pods Manifest.lock";
			outputFileListPaths = (
			);
			outputPaths = (
				"$(DERIVED_FILE_DIR)/Pods-NYTimesNews-checkManifestLockResult.txt",
			);
			runOnlyForDeploymentPostprocessing = 0;
			shellPath = /bin/sh;
			shellScript = "diff \"${PODS_PODFILE_DIR_PATH}/Podfile.lock\" \"${PODS_ROOT}/Manifest.lock\" > /dev/null\nif [ $? != 0 ] ; then\n    # print error to STDERR\n    echo \"error: The sandbox is not in sync with the Podfile.lock. Run 'pod install' or update your CocoaPods installation.\" >&2\n    exit 1\nfi\n# This output is used by Xcode 'outputs' to avoid re-running this script phase.\necho \"SUCCESS\" > \"${SCRIPT_OUTPUT_FILE_0}\"\n";
			showEnvVarsInLog = 0;
		};
		67C1A58F0604D63BBE488F3B /* [CP] Check Pods Manifest.lock */ = {
			isa = PBXShellScriptBuildPhase;
			buildActionMask = 2147483647;
			files = (
			);
			inputFileListPaths = (
			);
			inputPaths = (
				"${PODS_PODFILE_DIR_PATH}/Podfile.lock",
				"${PODS_ROOT}/Manifest.lock",
			);
			name = "[CP] Check Pods Manifest.lock";
			outputFileListPaths = (
			);
			outputPaths = (
				"$(DERIVED_FILE_DIR)/Pods-NYTimesNewsTests-checkManifestLockResult.txt",
			);
			runOnlyForDeploymentPostprocessing = 0;
			shellPath = /bin/sh;
			shellScript = "diff \"${PODS_PODFILE_DIR_PATH}/Podfile.lock\" \"${PODS_ROOT}/Manifest.lock\" > /dev/null\nif [ $? != 0 ] ; then\n    # print error to STDERR\n    echo \"error: The sandbox is not in sync with the Podfile.lock. Run 'pod install' or update your CocoaPods installation.\" >&2\n    exit 1\nfi\n# This output is used by Xcode 'outputs' to avoid re-running this script phase.\necho \"SUCCESS\" > \"${SCRIPT_OUTPUT_FILE_0}\"\n";
			showEnvVarsInLog = 0;
		};
/* End PBXShellScriptBuildPhase section */

/* Begin PBXSourcesBuildPhase section */
		075E97AA25A1BC090092E8D5 /* Sources */ = {
			isa = PBXSourcesBuildPhase;
			buildActionMask = 2147483647;
			files = (
				075E985F25A1CFC40092E8D5 /* ImageView+LoadImage.swift in Sources */,
				075E97FD25A1C0A20092E8D5 /* NetworkLayer.swift in Sources */,
				075E983F25A1CF370092E8D5 /* NewsFeedMediaInfoModal.swift in Sources */,
				075E97B225A1BC090092E8D5 /* AppDelegate.swift in Sources */,
				075E982325A1CE9C0092E8D5 /* NewsFeedPresenter.swift in Sources */,
				075E985625A1CF970092E8D5 /* NewsFeedCell.swift in Sources */,
				075E986B25A1D1130092E8D5 /* NewsFeedInteractor.swift in Sources */,
				075E985025A1CF6B0092E8D5 /* LoadingView.swift in Sources */,
				075E983225A1CF140092E8D5 /* NewsFeedDataModal.swift in Sources */,
				075E980525A1C0CB0092E8D5 /* APIRequest.swift in Sources */,
				075E989125A1F7B90092E8D5 /* NewsFeedDetailsPresenter.swift in Sources */,
				075E986425A1D0690092E8D5 /* NewsFeedView+PresenterDelegate.swift in Sources */,
				075E983A25A1CF2C0092E8D5 /* NewsFeedMediaModal.swift in Sources */,
				075E981B25A1CE230092E8D5 /* NewsFeedView.swift in Sources */,
				075E984525A1CF530092E8D5 /* AlertsView.swift in Sources */,
				075E982C25A1CEF80092E8D5 /* NewsFeedModal.swift in Sources */,
				075E97B425A1BC090092E8D5 /* SceneDelegate.swift in Sources */,
				075E980B25A1C1020092E8D5 /* Constants.swift in Sources */,
				075E988625A1F76A0092E8D5 /* NewsFeedDetailsView.swift in Sources */,
			);
			runOnlyForDeploymentPostprocessing = 0;
		};
		075E97C025A1BC090092E8D5 /* Sources */ = {
			isa = PBXSourcesBuildPhase;
			buildActionMask = 2147483647;
			files = (
				075E97C925A1BC090092E8D5 /* NYTimesNewsTests.swift in Sources */,
			);
			runOnlyForDeploymentPostprocessing = 0;
		};
		075E97CB25A1BC090092E8D5 /* Sources */ = {
			isa = PBXSourcesBuildPhase;
			buildActionMask = 2147483647;
			files = (
				075E97D425A1BC090092E8D5 /* NYTimesNewsUITests.swift in Sources */,
			);
			runOnlyForDeploymentPostprocessing = 0;
		};
/* End PBXSourcesBuildPhase section */

/* Begin PBXTargetDependency section */
		075E97C625A1BC090092E8D5 /* PBXTargetDependency */ = {
			isa = PBXTargetDependency;
			target = 075E97AD25A1BC090092E8D5 /* NYTimesNews */;
			targetProxy = 075E97C525A1BC090092E8D5 /* PBXContainerItemProxy */;
		};
		075E97D125A1BC090092E8D5 /* PBXTargetDependency */ = {
			isa = PBXTargetDependency;
			target = 075E97AD25A1BC090092E8D5 /* NYTimesNews */;
			targetProxy = 075E97D025A1BC090092E8D5 /* PBXContainerItemProxy */;
		};
/* End PBXTargetDependency section */

/* Begin PBXVariantGroup section */
		075E97B725A1BC090092E8D5 /* Main.storyboard */ = {
			isa = PBXVariantGroup;
			children = (
				075E97B825A1BC090092E8D5 /* Base */,
			);
			name = Main.storyboard;
			sourceTree = "<group>";
		};
		075E97BC25A1BC090092E8D5 /* LaunchScreen.storyboard */ = {
			isa = PBXVariantGroup;
			children = (
				075E97BD25A1BC090092E8D5 /* Base */,
			);
			name = LaunchScreen.storyboard;
			sourceTree = "<group>";
		};
/* End PBXVariantGroup section */

/* Begin XCBuildConfiguration section */
		075E97D625A1BC090092E8D5 /* Debug */ = {
			isa = XCBuildConfiguration;
			buildSettings = {
				ALWAYS_SEARCH_USER_PATHS = NO;
				CLANG_ANALYZER_NONNULL = YES;
				CLANG_ANALYZER_NUMBER_OBJECT_CONVERSION = YES_AGGRESSIVE;
				CLANG_CXX_LANGUAGE_STANDARD = "gnu++14";
				CLANG_CXX_LIBRARY = "libc++";
				CLANG_ENABLE_MODULES = YES;
				CLANG_ENABLE_OBJC_ARC = YES;
				CLANG_ENABLE_OBJC_WEAK = YES;
				CLANG_WARN_BLOCK_CAPTURE_AUTORELEASING = YES;
				CLANG_WARN_BOOL_CONVERSION = YES;
				CLANG_WARN_COMMA = YES;
				CLANG_WARN_CONSTANT_CONVERSION = YES;
				CLANG_WARN_DEPRECATED_OBJC_IMPLEMENTATIONS = YES;
				CLANG_WARN_DIRECT_OBJC_ISA_USAGE = YES_ERROR;
				CLANG_WARN_DOCUMENTATION_COMMENTS = YES;
				CLANG_WARN_EMPTY_BODY = YES;
				CLANG_WARN_ENUM_CONVERSION = YES;
				CLANG_WARN_INFINITE_RECURSION = YES;
				CLANG_WARN_INT_CONVERSION = YES;
				CLANG_WARN_NON_LITERAL_NULL_CONVERSION = YES;
				CLANG_WARN_OBJC_IMPLICIT_RETAIN_SELF = YES;
				CLANG_WARN_OBJC_LITERAL_CONVERSION = YES;
				CLANG_WARN_OBJC_ROOT_CLASS = YES_ERROR;
				CLANG_WARN_QUOTED_INCLUDE_IN_FRAMEWORK_HEADER = YES;
				CLANG_WARN_RANGE_LOOP_ANALYSIS = YES;
				CLANG_WARN_STRICT_PROTOTYPES = YES;
				CLANG_WARN_SUSPICIOUS_MOVE = YES;
				CLANG_WARN_UNGUARDED_AVAILABILITY = YES_AGGRESSIVE;
				CLANG_WARN_UNREACHABLE_CODE = YES;
				CLANG_WARN__DUPLICATE_METHOD_MATCH = YES;
				COPY_PHASE_STRIP = NO;
				DEBUG_INFORMATION_FORMAT = dwarf;
				ENABLE_STRICT_OBJC_MSGSEND = YES;
				ENABLE_TESTABILITY = YES;
				GCC_C_LANGUAGE_STANDARD = gnu11;
				GCC_DYNAMIC_NO_PIC = NO;
				GCC_NO_COMMON_BLOCKS = YES;
				GCC_OPTIMIZATION_LEVEL = 0;
				GCC_PREPROCESSOR_DEFINITIONS = (
					"DEBUG=1",
					"$(inherited)",
				);
				GCC_WARN_64_TO_32_BIT_CONVERSION = YES;
				GCC_WARN_ABOUT_RETURN_TYPE = YES_ERROR;
				GCC_WARN_UNDECLARED_SELECTOR = YES;
				GCC_WARN_UNINITIALIZED_AUTOS = YES_AGGRESSIVE;
				GCC_WARN_UNUSED_FUNCTION = YES;
				GCC_WARN_UNUSED_VARIABLE = YES;
				IPHONEOS_DEPLOYMENT_TARGET = 14.3;
				MTL_ENABLE_DEBUG_INFO = INCLUDE_SOURCE;
				MTL_FAST_MATH = YES;
				ONLY_ACTIVE_ARCH = YES;
				SDKROOT = iphoneos;
				SWIFT_ACTIVE_COMPILATION_CONDITIONS = DEBUG;
				SWIFT_OPTIMIZATION_LEVEL = "-Onone";
			};
			name = Debug;
		};
		075E97D725A1BC090092E8D5 /* Release */ = {
			isa = XCBuildConfiguration;
			buildSettings = {
				ALWAYS_SEARCH_USER_PATHS = NO;
				CLANG_ANALYZER_NONNULL = YES;
				CLANG_ANALYZER_NUMBER_OBJECT_CONVERSION = YES_AGGRESSIVE;
				CLANG_CXX_LANGUAGE_STANDARD = "gnu++14";
				CLANG_CXX_LIBRARY = "libc++";
				CLANG_ENABLE_MODULES = YES;
				CLANG_ENABLE_OBJC_ARC = YES;
				CLANG_ENABLE_OBJC_WEAK = YES;
				CLANG_WARN_BLOCK_CAPTURE_AUTORELEASING = YES;
				CLANG_WARN_BOOL_CONVERSION = YES;
				CLANG_WARN_COMMA = YES;
				CLANG_WARN_CONSTANT_CONVERSION = YES;
				CLANG_WARN_DEPRECATED_OBJC_IMPLEMENTATIONS = YES;
				CLANG_WARN_DIRECT_OBJC_ISA_USAGE = YES_ERROR;
				CLANG_WARN_DOCUMENTATION_COMMENTS = YES;
				CLANG_WARN_EMPTY_BODY = YES;
				CLANG_WARN_ENUM_CONVERSION = YES;
				CLANG_WARN_INFINITE_RECURSION = YES;
				CLANG_WARN_INT_CONVERSION = YES;
				CLANG_WARN_NON_LITERAL_NULL_CONVERSION = YES;
				CLANG_WARN_OBJC_IMPLICIT_RETAIN_SELF = YES;
				CLANG_WARN_OBJC_LITERAL_CONVERSION = YES;
				CLANG_WARN_OBJC_ROOT_CLASS = YES_ERROR;
				CLANG_WARN_QUOTED_INCLUDE_IN_FRAMEWORK_HEADER = YES;
				CLANG_WARN_RANGE_LOOP_ANALYSIS = YES;
				CLANG_WARN_STRICT_PROTOTYPES = YES;
				CLANG_WARN_SUSPICIOUS_MOVE = YES;
				CLANG_WARN_UNGUARDED_AVAILABILITY = YES_AGGRESSIVE;
				CLANG_WARN_UNREACHABLE_CODE = YES;
				CLANG_WARN__DUPLICATE_METHOD_MATCH = YES;
				COPY_PHASE_STRIP = NO;
				DEBUG_INFORMATION_FORMAT = "dwarf-with-dsym";
				ENABLE_NS_ASSERTIONS = NO;
				ENABLE_STRICT_OBJC_MSGSEND = YES;
				GCC_C_LANGUAGE_STANDARD = gnu11;
				GCC_NO_COMMON_BLOCKS = YES;
				GCC_WARN_64_TO_32_BIT_CONVERSION = YES;
				GCC_WARN_ABOUT_RETURN_TYPE = YES_ERROR;
				GCC_WARN_UNDECLARED_SELECTOR = YES;
				GCC_WARN_UNINITIALIZED_AUTOS = YES_AGGRESSIVE;
				GCC_WARN_UNUSED_FUNCTION = YES;
				GCC_WARN_UNUSED_VARIABLE = YES;
				IPHONEOS_DEPLOYMENT_TARGET = 14.3;
				MTL_ENABLE_DEBUG_INFO = NO;
				MTL_FAST_MATH = YES;
				SDKROOT = iphoneos;
				SWIFT_COMPILATION_MODE = wholemodule;
				SWIFT_OPTIMIZATION_LEVEL = "-O";
				VALIDATE_PRODUCT = YES;
			};
			name = Release;
		};
		075E97D925A1BC090092E8D5 /* Debug */ = {
			isa = XCBuildConfiguration;
			baseConfigurationReference = 95BD35B40B201C7948C9F3F1 /* Pods-NYTimesNews.debug.xcconfig */;
			buildSettings = {
				ASSETCATALOG_COMPILER_APPICON_NAME = AppIcon;
				ASSETCATALOG_COMPILER_GLOBAL_ACCENT_COLOR_NAME = AccentColor;
				CODE_SIGN_STYLE = Automatic;
				INFOPLIST_FILE = NYTimesNews/Info.plist;
				LD_RUNPATH_SEARCH_PATHS = (
					"$(inherited)",
					"@executable_path/Frameworks",
				);
				PRODUCT_BUNDLE_IDENTIFIER = YahiaMosaad.NYTimesNews;
				PRODUCT_NAME = "$(TARGET_NAME)";
				SWIFT_VERSION = 5.0;
				TARGETED_DEVICE_FAMILY = 1;
			};
			name = Debug;
		};
		075E97DA25A1BC090092E8D5 /* Release */ = {
			isa = XCBuildConfiguration;
			baseConfigurationReference = 594F019EF91683C3A81DEA34 /* Pods-NYTimesNews.release.xcconfig */;
			buildSettings = {
				ASSETCATALOG_COMPILER_APPICON_NAME = AppIcon;
				ASSETCATALOG_COMPILER_GLOBAL_ACCENT_COLOR_NAME = AccentColor;
				CODE_SIGN_STYLE = Automatic;
				INFOPLIST_FILE = NYTimesNews/Info.plist;
				LD_RUNPATH_SEARCH_PATHS = (
					"$(inherited)",
					"@executable_path/Frameworks",
				);
				PRODUCT_BUNDLE_IDENTIFIER = YahiaMosaad.NYTimesNews;
				PRODUCT_NAME = "$(TARGET_NAME)";
				SWIFT_VERSION = 5.0;
				TARGETED_DEVICE_FAMILY = 1;
			};
			name = Release;
		};
		075E97DC25A1BC090092E8D5 /* Debug */ = {
			isa = XCBuildConfiguration;
			baseConfigurationReference = BE71AC98F53AEC6B9065E03F /* Pods-NYTimesNewsTests.debug.xcconfig */;
			buildSettings = {
				ALWAYS_EMBED_SWIFT_STANDARD_LIBRARIES = YES;
				BUNDLE_LOADER = "$(TEST_HOST)";
				CODE_SIGN_STYLE = Automatic;
				INFOPLIST_FILE = NYTimesNewsTests/Info.plist;
				IPHONEOS_DEPLOYMENT_TARGET = 14.3;
				LD_RUNPATH_SEARCH_PATHS = (
					"$(inherited)",
					"@executable_path/Frameworks",
					"@loader_path/Frameworks",
				);
				PRODUCT_BUNDLE_IDENTIFIER = YahiaMosaad.NYTimesNewsTests;
				PRODUCT_NAME = "$(TARGET_NAME)";
				SWIFT_VERSION = 5.0;
				TARGETED_DEVICE_FAMILY = "1,2";
				TEST_HOST = "$(BUILT_PRODUCTS_DIR)/NYTimesNews.app/NYTimesNews";
			};
			name = Debug;
		};
		075E97DD25A1BC090092E8D5 /* Release */ = {
			isa = XCBuildConfiguration;
			baseConfigurationReference = 9D3E88AAE71BB1DCDF57A616 /* Pods-NYTimesNewsTests.release.xcconfig */;
			buildSettings = {
				ALWAYS_EMBED_SWIFT_STANDARD_LIBRARIES = YES;
				BUNDLE_LOADER = "$(TEST_HOST)";
				CODE_SIGN_STYLE = Automatic;
				INFOPLIST_FILE = NYTimesNewsTests/Info.plist;
				IPHONEOS_DEPLOYMENT_TARGET = 14.3;
				LD_RUNPATH_SEARCH_PATHS = (
					"$(inherited)",
					"@executable_path/Frameworks",
					"@loader_path/Frameworks",
				);
				PRODUCT_BUNDLE_IDENTIFIER = YahiaMosaad.NYTimesNewsTests;
				PRODUCT_NAME = "$(TARGET_NAME)";
				SWIFT_VERSION = 5.0;
				TARGETED_DEVICE_FAMILY = "1,2";
				TEST_HOST = "$(BUILT_PRODUCTS_DIR)/NYTimesNews.app/NYTimesNews";
			};
			name = Release;
		};
		075E97DF25A1BC090092E8D5 /* Debug */ = {
			isa = XCBuildConfiguration;
			baseConfigurationReference = 0F9AD3CEA984F7236E66AC5A /* Pods-NYTimesNews-NYTimesNewsUITests.debug.xcconfig */;
			buildSettings = {
				ALWAYS_EMBED_SWIFT_STANDARD_LIBRARIES = YES;
				CODE_SIGN_STYLE = Automatic;
				INFOPLIST_FILE = NYTimesNewsUITests/Info.plist;
				LD_RUNPATH_SEARCH_PATHS = (
					"$(inherited)",
					"@executable_path/Frameworks",
					"@loader_path/Frameworks",
				);
				PRODUCT_BUNDLE_IDENTIFIER = YahiaMosaad.NYTimesNewsUITests;
				PRODUCT_NAME = "$(TARGET_NAME)";
				SWIFT_VERSION = 5.0;
				TARGETED_DEVICE_FAMILY = "1,2";
				TEST_TARGET_NAME = NYTimesNews;
			};
			name = Debug;
		};
		075E97E025A1BC090092E8D5 /* Release */ = {
			isa = XCBuildConfiguration;
			baseConfigurationReference = 41A8F30028FA3218522D1AAC /* Pods-NYTimesNews-NYTimesNewsUITests.release.xcconfig */;
			buildSettings = {
				ALWAYS_EMBED_SWIFT_STANDARD_LIBRARIES = YES;
				CODE_SIGN_STYLE = Automatic;
				INFOPLIST_FILE = NYTimesNewsUITests/Info.plist;
				LD_RUNPATH_SEARCH_PATHS = (
					"$(inherited)",
					"@executable_path/Frameworks",
					"@loader_path/Frameworks",
				);
				PRODUCT_BUNDLE_IDENTIFIER = YahiaMosaad.NYTimesNewsUITests;
				PRODUCT_NAME = "$(TARGET_NAME)";
				SWIFT_VERSION = 5.0;
				TARGETED_DEVICE_FAMILY = "1,2";
				TEST_TARGET_NAME = NYTimesNews;
			};
			name = Release;
		};
/* End XCBuildConfiguration section */

/* Begin XCConfigurationList section */
		075E97A925A1BC090092E8D5 /* Build configuration list for PBXProject "NYTimesNews" */ = {
			isa = XCConfigurationList;
			buildConfigurations = (
				075E97D625A1BC090092E8D5 /* Debug */,
				075E97D725A1BC090092E8D5 /* Release */,
			);
			defaultConfigurationIsVisible = 0;
			defaultConfigurationName = Release;
		};
		075E97D825A1BC090092E8D5 /* Build configuration list for PBXNativeTarget "NYTimesNews" */ = {
			isa = XCConfigurationList;
			buildConfigurations = (
				075E97D925A1BC090092E8D5 /* Debug */,
				075E97DA25A1BC090092E8D5 /* Release */,
			);
			defaultConfigurationIsVisible = 0;
			defaultConfigurationName = Release;
		};
		075E97DB25A1BC090092E8D5 /* Build configuration list for PBXNativeTarget "NYTimesNewsTests" */ = {
			isa = XCConfigurationList;
			buildConfigurations = (
				075E97DC25A1BC090092E8D5 /* Debug */,
				075E97DD25A1BC090092E8D5 /* Release */,
			);
			defaultConfigurationIsVisible = 0;
			defaultConfigurationName = Release;
		};
		075E97DE25A1BC090092E8D5 /* Build configuration list for PBXNativeTarget "NYTimesNewsUITests" */ = {
			isa = XCConfigurationList;
			buildConfigurations = (
				075E97DF25A1BC090092E8D5 /* Debug */,
				075E97E025A1BC090092E8D5 /* Release */,
			);
			defaultConfigurationIsVisible = 0;
			defaultConfigurationName = Release;
		};
/* End XCConfigurationList section */
	};
	rootObject = 075E97A625A1BC090092E8D5 /* Project object */;
}
